// !$*UTF8*$!
{
	archiveVersion = 1;
	classes = {
	};
	objectVersion = 46;
	objects = {

/* Begin PBXBuildFile section */
		1F1737D71EE5544E0021863D /* EditViewController.m in Sources */ = {isa = PBXBuildFile; fileRef = 1F1737D61EE5544E0021863D /* EditViewController.m */; };
		1F1D78C91EF11DCB0060BBC7 /* TestVc.swift in Sources */ = {isa = PBXBuildFile; fileRef = 1F1D78C81EF11DCB0060BBC7 /* TestVc.swift */; };
		1F8E95791EE797560050C471 /* ALAssetsLibrary+custom.m in Sources */ = {isa = PBXBuildFile; fileRef = 1F8E95511EE797560050C471 /* ALAssetsLibrary+custom.m */; };
		1F8E957A1EE797560050C471 /* DateUtil.m in Sources */ = {isa = PBXBuildFile; fileRef = 1F8E95531EE797560050C471 /* DateUtil.m */; };
		1F8E957B1EE797560050C471 /* Foundation+log.m in Sources */ = {isa = PBXBuildFile; fileRef = 1F8E95541EE797560050C471 /* Foundation+log.m */; };
		1F8E957C1EE797560050C471 /* MBProgressHUD.m in Sources */ = {isa = PBXBuildFile; fileRef = 1F8E95561EE797560050C471 /* MBProgressHUD.m */; };
		1F8E957D1EE797560050C471 /* NSObject+AutoEncodeDecode.m in Sources */ = {isa = PBXBuildFile; fileRef = 1F8E95581EE797560050C471 /* NSObject+AutoEncodeDecode.m */; };
		1F8E957E1EE797560050C471 /* NSString+Custom.m in Sources */ = {isa = PBXBuildFile; fileRef = 1F8E955A1EE797560050C471 /* NSString+Custom.m */; };
		1F8E95801EE797560050C471 /* NSString+Validator.m in Sources */ = {isa = PBXBuildFile; fileRef = 1F8E955E1EE797560050C471 /* NSString+Validator.m */; };
		1F8E95811EE797560050C471 /* UIActionSheet+Blocks.m in Sources */ = {isa = PBXBuildFile; fileRef = 1F8E95601EE797560050C471 /* UIActionSheet+Blocks.m */; };
		1F8E95821EE797560050C471 /* UIApplication+Custom.m in Sources */ = {isa = PBXBuildFile; fileRef = 1F8E95621EE797560050C471 /* UIApplication+Custom.m */; };
		1F8E95831EE797560050C471 /* UIButton+Custom.m in Sources */ = {isa = PBXBuildFile; fileRef = 1F8E95641EE797560050C471 /* UIButton+Custom.m */; };
		1F8E95841EE797560050C471 /* UIColor+ColorChange.m in Sources */ = {isa = PBXBuildFile; fileRef = 1F8E95661EE797560050C471 /* UIColor+ColorChange.m */; };
		1F8E95851EE797560050C471 /* UIColor+Create.m in Sources */ = {isa = PBXBuildFile; fileRef = 1F8E95681EE797560050C471 /* UIColor+Create.m */; };
		1F8E95871EE797560050C471 /* UIImagePickerController+Orientation.m in Sources */ = {isa = PBXBuildFile; fileRef = 1F8E956C1EE797560050C471 /* UIImagePickerController+Orientation.m */; };
		1F8E95881EE797560050C471 /* UILabel+Custom.m in Sources */ = {isa = PBXBuildFile; fileRef = 1F8E956E1EE797560050C471 /* UILabel+Custom.m */; };
		1F8E95891EE797560050C471 /* UITextView+FitSize.m in Sources */ = {isa = PBXBuildFile; fileRef = 1F8E95701EE797560050C471 /* UITextView+FitSize.m */; };
		1F8E958A1EE797560050C471 /* UIView+addBadge.m in Sources */ = {isa = PBXBuildFile; fileRef = 1F8E95721EE797560050C471 /* UIView+addBadge.m */; };
		1F8E958B1EE797560050C471 /* UIView+Custom.m in Sources */ = {isa = PBXBuildFile; fileRef = 1F8E95741EE797560050C471 /* UIView+Custom.m */; };
		1F8E958C1EE797560050C471 /* UIView+frame.m in Sources */ = {isa = PBXBuildFile; fileRef = 1F8E95761EE797560050C471 /* UIView+frame.m */; };
		1F8E958D1EE797560050C471 /* UIViewController+AlertView.m in Sources */ = {isa = PBXBuildFile; fileRef = 1F8E95781EE797560050C471 /* UIViewController+AlertView.m */; };
		1F8E96181EE79EFE0050C471 /* HMAlbum.m in Sources */ = {isa = PBXBuildFile; fileRef = 1F8E96011EE79EFE0050C471 /* HMAlbum.m */; };
		1F8E96191EE79EFE0050C471 /* HMAlbumTableViewCell.m in Sources */ = {isa = PBXBuildFile; fileRef = 1F8E96031EE79EFE0050C471 /* HMAlbumTableViewCell.m */; };
		1F8E961A1EE79EFE0050C471 /* HMAlbumTableViewController.m in Sources */ = {isa = PBXBuildFile; fileRef = 1F8E96051EE79EFE0050C471 /* HMAlbumTableViewController.m */; };
		1F8E961B1EE79EFE0050C471 /* HMImageGridCell.m in Sources */ = {isa = PBXBuildFile; fileRef = 1F8E96071EE79EFE0050C471 /* HMImageGridCell.m */; };
		1F8E961C1EE79EFE0050C471 /* HMImageGridViewController.m in Sources */ = {isa = PBXBuildFile; fileRef = 1F8E96091EE79EFE0050C471 /* HMImageGridViewController.m */; };
		1F8E961D1EE79EFE0050C471 /* HMImageGridViewLayout.m in Sources */ = {isa = PBXBuildFile; fileRef = 1F8E960B1EE79EFE0050C471 /* HMImageGridViewLayout.m */; };
		1F8E961E1EE79EFE0050C471 /* HMImagePicker.bundle in Resources */ = {isa = PBXBuildFile; fileRef = 1F8E960C1EE79EFE0050C471 /* HMImagePicker.bundle */; };
		1F8E961F1EE79EFE0050C471 /* HMImagePickerController.m in Sources */ = {isa = PBXBuildFile; fileRef = 1F8E960E1EE79EFE0050C471 /* HMImagePickerController.m */; };
		1F8E96201EE79EFE0050C471 /* HMImageSelectButton.m in Sources */ = {isa = PBXBuildFile; fileRef = 1F8E96111EE79EFE0050C471 /* HMImageSelectButton.m */; };
		1F8E96211EE79EFE0050C471 /* HMPreviewViewController.m in Sources */ = {isa = PBXBuildFile; fileRef = 1F8E96131EE79EFE0050C471 /* HMPreviewViewController.m */; };
		1F8E96221EE79EFE0050C471 /* HMSelectCounterButton.m in Sources */ = {isa = PBXBuildFile; fileRef = 1F8E96151EE79EFE0050C471 /* HMSelectCounterButton.m */; };
		1F8E96231EE79EFE0050C471 /* HMViewerViewController.m in Sources */ = {isa = PBXBuildFile; fileRef = 1F8E96171EE79EFE0050C471 /* HMViewerViewController.m */; };
		1F8E96261EE8EFC10050C471 /* BaseDataInfo.m in Sources */ = {isa = PBXBuildFile; fileRef = 1F8E96241EE8EFC10050C471 /* BaseDataInfo.m */; };
		1FC127D61EC15B9C005CDEE6 /* main.m in Sources */ = {isa = PBXBuildFile; fileRef = 1FC127D51EC15B9C005CDEE6 /* main.m */; };
		1FC127D91EC15B9C005CDEE6 /* AppDelegate.m in Sources */ = {isa = PBXBuildFile; fileRef = 1FC127D81EC15B9C005CDEE6 /* AppDelegate.m */; };
		1FC127DC1EC15B9C005CDEE6 /* ViewController.m in Sources */ = {isa = PBXBuildFile; fileRef = 1FC127DB1EC15B9C005CDEE6 /* ViewController.m */; };
		1FC127DF1EC15B9C005CDEE6 /* Main.storyboard in Resources */ = {isa = PBXBuildFile; fileRef = 1FC127DD1EC15B9C005CDEE6 /* Main.storyboard */; };
		1FC127E11EC15B9C005CDEE6 /* Assets.xcassets in Resources */ = {isa = PBXBuildFile; fileRef = 1FC127E01EC15B9C005CDEE6 /* Assets.xcassets */; };
		1FC127E41EC15B9C005CDEE6 /* LaunchScreen.storyboard in Resources */ = {isa = PBXBuildFile; fileRef = 1FC127E21EC15B9C005CDEE6 /* LaunchScreen.storyboard */; };
		1FC127EF1EC15B9C005CDEE6 /* LFCalendarTests.m in Sources */ = {isa = PBXBuildFile; fileRef = 1FC127EE1EC15B9C005CDEE6 /* LFCalendarTests.m */; };
		1FC127FA1EC15B9C005CDEE6 /* LFCalendarUITests.m in Sources */ = {isa = PBXBuildFile; fileRef = 1FC127F91EC15B9C005CDEE6 /* LFCalendarUITests.m */; };
/* End PBXBuildFile section */

/* Begin PBXContainerItemProxy section */
		1FC127EB1EC15B9C005CDEE6 /* PBXContainerItemProxy */ = {
			isa = PBXContainerItemProxy;
			containerPortal = 1FC127C91EC15B9C005CDEE6 /* Project object */;
			proxyType = 1;
			remoteGlobalIDString = 1FC127D01EC15B9C005CDEE6;
			remoteInfo = LFCalendar;
		};
		1FC127F61EC15B9C005CDEE6 /* PBXContainerItemProxy */ = {
			isa = PBXContainerItemProxy;
			containerPortal = 1FC127C91EC15B9C005CDEE6 /* Project object */;
			proxyType = 1;
			remoteGlobalIDString = 1FC127D01EC15B9C005CDEE6;
			remoteInfo = LFCalendar;
		};
/* End PBXContainerItemProxy section */

/* Begin PBXFileReference section */
		1F1737D31EE552D70021863D /* PrefixHeader.pch */ = {isa = PBXFileReference; fileEncoding = 4; lastKnownFileType = sourcecode.c.h; path = PrefixHeader.pch; sourceTree = "<group>"; };
		1F1737D41EE5535B0021863D /* AppMacro.h */ = {isa = PBXFileReference; lastKnownFileType = sourcecode.c.h; path = AppMacro.h; sourceTree = "<group>"; };
		1F1737D51EE5544E0021863D /* EditViewController.h */ = {isa = PBXFileReference; fileEncoding = 4; lastKnownFileType = sourcecode.c.h; path = EditViewController.h; sourceTree = "<group>"; };
		1F1737D61EE5544E0021863D /* EditViewController.m */ = {isa = PBXFileReference; fileEncoding = 4; lastKnownFileType = sourcecode.c.objc; path = EditViewController.m; sourceTree = "<group>"; };
		1F1D78C71EF11DCB0060BBC7 /* LFCalendar-Bridging-Header.h */ = {isa = PBXFileReference; lastKnownFileType = sourcecode.c.h; path = "LFCalendar-Bridging-Header.h"; sourceTree = "<group>"; };
		1F1D78C81EF11DCB0060BBC7 /* TestVc.swift */ = {isa = PBXFileReference; fileEncoding = 4; lastKnownFileType = sourcecode.swift; path = TestVc.swift; sourceTree = "<group>"; };
		1F8E95501EE797560050C471 /* ALAssetsLibrary+custom.h */ = {isa = PBXFileReference; fileEncoding = 4; lastKnownFileType = sourcecode.c.h; path = "ALAssetsLibrary+custom.h"; sourceTree = "<group>"; };
		1F8E95511EE797560050C471 /* ALAssetsLibrary+custom.m */ = {isa = PBXFileReference; fileEncoding = 4; lastKnownFileType = sourcecode.c.objc; path = "ALAssetsLibrary+custom.m"; sourceTree = "<group>"; };
		1F8E95521EE797560050C471 /* DateUtil.h */ = {isa = PBXFileReference; fileEncoding = 4; lastKnownFileType = sourcecode.c.h; path = DateUtil.h; sourceTree = "<group>"; };
		1F8E95531EE797560050C471 /* DateUtil.m */ = {isa = PBXFileReference; fileEncoding = 4; lastKnownFileType = sourcecode.c.objc; path = DateUtil.m; sourceTree = "<group>"; };
		1F8E95541EE797560050C471 /* Foundation+log.m */ = {isa = PBXFileReference; fileEncoding = 4; lastKnownFileType = sourcecode.c.objc; path = "Foundation+log.m"; sourceTree = "<group>"; };
		1F8E95551EE797560050C471 /* MBProgressHUD.h */ = {isa = PBXFileReference; fileEncoding = 4; lastKnownFileType = sourcecode.c.h; path = MBProgressHUD.h; sourceTree = "<group>"; };
		1F8E95561EE797560050C471 /* MBProgressHUD.m */ = {isa = PBXFileReference; fileEncoding = 4; lastKnownFileType = sourcecode.c.objc; path = MBProgressHUD.m; sourceTree = "<group>"; };
		1F8E95571EE797560050C471 /* NSObject+AutoEncodeDecode.h */ = {isa = PBXFileReference; fileEncoding = 4; lastKnownFileType = sourcecode.c.h; path = "NSObject+AutoEncodeDecode.h"; sourceTree = "<group>"; };
		1F8E95581EE797560050C471 /* NSObject+AutoEncodeDecode.m */ = {isa = PBXFileReference; fileEncoding = 4; lastKnownFileType = sourcecode.c.objc; path = "NSObject+AutoEncodeDecode.m"; sourceTree = "<group>"; };
		1F8E95591EE797560050C471 /* NSString+Custom.h */ = {isa = PBXFileReference; fileEncoding = 4; lastKnownFileType = sourcecode.c.h; path = "NSString+Custom.h"; sourceTree = "<group>"; };
		1F8E955A1EE797560050C471 /* NSString+Custom.m */ = {isa = PBXFileReference; fileEncoding = 4; lastKnownFileType = sourcecode.c.objc; path = "NSString+Custom.m"; sourceTree = "<group>"; };
		1F8E955D1EE797560050C471 /* NSString+Validator.h */ = {isa = PBXFileReference; fileEncoding = 4; lastKnownFileType = sourcecode.c.h; path = "NSString+Validator.h"; sourceTree = "<group>"; };
		1F8E955E1EE797560050C471 /* NSString+Validator.m */ = {isa = PBXFileReference; fileEncoding = 4; lastKnownFileType = sourcecode.c.objc; path = "NSString+Validator.m"; sourceTree = "<group>"; };
		1F8E955F1EE797560050C471 /* UIActionSheet+Blocks.h */ = {isa = PBXFileReference; fileEncoding = 4; lastKnownFileType = sourcecode.c.h; path = "UIActionSheet+Blocks.h"; sourceTree = "<group>"; };
		1F8E95601EE797560050C471 /* UIActionSheet+Blocks.m */ = {isa = PBXFileReference; fileEncoding = 4; lastKnownFileType = sourcecode.c.objc; path = "UIActionSheet+Blocks.m"; sourceTree = "<group>"; };
		1F8E95611EE797560050C471 /* UIApplication+Custom.h */ = {isa = PBXFileReference; fileEncoding = 4; lastKnownFileType = sourcecode.c.h; path = "UIApplication+Custom.h"; sourceTree = "<group>"; };
		1F8E95621EE797560050C471 /* UIApplication+Custom.m */ = {isa = PBXFileReference; fileEncoding = 4; lastKnownFileType = sourcecode.c.objc; path = "UIApplication+Custom.m"; sourceTree = "<group>"; };
		1F8E95631EE797560050C471 /* UIButton+Custom.h */ = {isa = PBXFileReference; fileEncoding = 4; lastKnownFileType = sourcecode.c.h; path = "UIButton+Custom.h"; sourceTree = "<group>"; };
		1F8E95641EE797560050C471 /* UIButton+Custom.m */ = {isa = PBXFileReference; fileEncoding = 4; lastKnownFileType = sourcecode.c.objc; path = "UIButton+Custom.m"; sourceTree = "<group>"; };
		1F8E95651EE797560050C471 /* UIColor+ColorChange.h */ = {isa = PBXFileReference; fileEncoding = 4; lastKnownFileType = sourcecode.c.h; path = "UIColor+ColorChange.h"; sourceTree = "<group>"; };
		1F8E95661EE797560050C471 /* UIColor+ColorChange.m */ = {isa = PBXFileReference; fileEncoding = 4; lastKnownFileType = sourcecode.c.objc; path = "UIColor+ColorChange.m"; sourceTree = "<group>"; };
		1F8E95671EE797560050C471 /* UIColor+Create.h */ = {isa = PBXFileReference; fileEncoding = 4; lastKnownFileType = sourcecode.c.h; path = "UIColor+Create.h"; sourceTree = "<group>"; };
		1F8E95681EE797560050C471 /* UIColor+Create.m */ = {isa = PBXFileReference; fileEncoding = 4; lastKnownFileType = sourcecode.c.objc; path = "UIColor+Create.m"; sourceTree = "<group>"; };
		1F8E956B1EE797560050C471 /* UIImagePickerController+Orientation.h */ = {isa = PBXFileReference; fileEncoding = 4; lastKnownFileType = sourcecode.c.h; path = "UIImagePickerController+Orientation.h"; sourceTree = "<group>"; };
		1F8E956C1EE797560050C471 /* UIImagePickerController+Orientation.m */ = {isa = PBXFileReference; fileEncoding = 4; lastKnownFileType = sourcecode.c.objc; path = "UIImagePickerController+Orientation.m"; sourceTree = "<group>"; };
		1F8E956D1EE797560050C471 /* UILabel+Custom.h */ = {isa = PBXFileReference; fileEncoding = 4; lastKnownFileType = sourcecode.c.h; path = "UILabel+Custom.h"; sourceTree = "<group>"; };
		1F8E956E1EE797560050C471 /* UILabel+Custom.m */ = {isa = PBXFileReference; fileEncoding = 4; lastKnownFileType = sourcecode.c.objc; path = "UILabel+Custom.m"; sourceTree = "<group>"; };
		1F8E956F1EE797560050C471 /* UITextView+FitSize.h */ = {isa = PBXFileReference; fileEncoding = 4; lastKnownFileType = sourcecode.c.h; path = "UITextView+FitSize.h"; sourceTree = "<group>"; };
		1F8E95701EE797560050C471 /* UITextView+FitSize.m */ = {isa = PBXFileReference; fileEncoding = 4; lastKnownFileType = sourcecode.c.objc; path = "UITextView+FitSize.m"; sourceTree = "<group>"; };
		1F8E95711EE797560050C471 /* UIView+addBadge.h */ = {isa = PBXFileReference; fileEncoding = 4; lastKnownFileType = sourcecode.c.h; path = "UIView+addBadge.h"; sourceTree = "<group>"; };
		1F8E95721EE797560050C471 /* UIView+addBadge.m */ = {isa = PBXFileReference; fileEncoding = 4; lastKnownFileType = sourcecode.c.objc; path = "UIView+addBadge.m"; sourceTree = "<group>"; };
		1F8E95731EE797560050C471 /* UIView+Custom.h */ = {isa = PBXFileReference; fileEncoding = 4; lastKnownFileType = sourcecode.c.h; path = "UIView+Custom.h"; sourceTree = "<group>"; };
		1F8E95741EE797560050C471 /* UIView+Custom.m */ = {isa = PBXFileReference; fileEncoding = 4; lastKnownFileType = sourcecode.c.objc; path = "UIView+Custom.m"; sourceTree = "<group>"; };
		1F8E95751EE797560050C471 /* UIView+frame.h */ = {isa = PBXFileReference; fileEncoding = 4; lastKnownFileType = sourcecode.c.h; path = "UIView+frame.h"; sourceTree = "<group>"; };
		1F8E95761EE797560050C471 /* UIView+frame.m */ = {isa = PBXFileReference; fileEncoding = 4; lastKnownFileType = sourcecode.c.objc; path = "UIView+frame.m"; sourceTree = "<group>"; };
		1F8E95771EE797560050C471 /* UIViewController+AlertView.h */ = {isa = PBXFileReference; fileEncoding = 4; lastKnownFileType = sourcecode.c.h; path = "UIViewController+AlertView.h"; sourceTree = "<group>"; };
		1F8E95781EE797560050C471 /* UIViewController+AlertView.m */ = {isa = PBXFileReference; fileEncoding = 4; lastKnownFileType = sourcecode.c.objc; path = "UIViewController+AlertView.m"; sourceTree = "<group>"; };
		1F8E96001EE79EFE0050C471 /* HMAlbum.h */ = {isa = PBXFileReference; fileEncoding = 4; lastKnownFileType = sourcecode.c.h; path = HMAlbum.h; sourceTree = "<group>"; };
		1F8E96011EE79EFE0050C471 /* HMAlbum.m */ = {isa = PBXFileReference; fileEncoding = 4; lastKnownFileType = sourcecode.c.objc; path = HMAlbum.m; sourceTree = "<group>"; };
		1F8E96021EE79EFE0050C471 /* HMAlbumTableViewCell.h */ = {isa = PBXFileReference; fileEncoding = 4; lastKnownFileType = sourcecode.c.h; path = HMAlbumTableViewCell.h; sourceTree = "<group>"; };
		1F8E96031EE79EFE0050C471 /* HMAlbumTableViewCell.m */ = {isa = PBXFileReference; fileEncoding = 4; lastKnownFileType = sourcecode.c.objc; path = HMAlbumTableViewCell.m; sourceTree = "<group>"; };
		1F8E96041EE79EFE0050C471 /* HMAlbumTableViewController.h */ = {isa = PBXFileReference; fileEncoding = 4; lastKnownFileType = sourcecode.c.h; path = HMAlbumTableViewController.h; sourceTree = "<group>"; };
		1F8E96051EE79EFE0050C471 /* HMAlbumTableViewController.m */ = {isa = PBXFileReference; fileEncoding = 4; lastKnownFileType = sourcecode.c.objc; path = HMAlbumTableViewController.m; sourceTree = "<group>"; };
		1F8E96061EE79EFE0050C471 /* HMImageGridCell.h */ = {isa = PBXFileReference; fileEncoding = 4; lastKnownFileType = sourcecode.c.h; path = HMImageGridCell.h; sourceTree = "<group>"; };
		1F8E96071EE79EFE0050C471 /* HMImageGridCell.m */ = {isa = PBXFileReference; fileEncoding = 4; lastKnownFileType = sourcecode.c.objc; path = HMImageGridCell.m; sourceTree = "<group>"; };
		1F8E96081EE79EFE0050C471 /* HMImageGridViewController.h */ = {isa = PBXFileReference; fileEncoding = 4; lastKnownFileType = sourcecode.c.h; path = HMImageGridViewController.h; sourceTree = "<group>"; };
		1F8E96091EE79EFE0050C471 /* HMImageGridViewController.m */ = {isa = PBXFileReference; fileEncoding = 4; lastKnownFileType = sourcecode.c.objc; path = HMImageGridViewController.m; sourceTree = "<group>"; };
		1F8E960A1EE79EFE0050C471 /* HMImageGridViewLayout.h */ = {isa = PBXFileReference; fileEncoding = 4; lastKnownFileType = sourcecode.c.h; path = HMImageGridViewLayout.h; sourceTree = "<group>"; };
		1F8E960B1EE79EFE0050C471 /* HMImageGridViewLayout.m */ = {isa = PBXFileReference; fileEncoding = 4; lastKnownFileType = sourcecode.c.objc; path = HMImageGridViewLayout.m; sourceTree = "<group>"; };
		1F8E960C1EE79EFE0050C471 /* HMImagePicker.bundle */ = {isa = PBXFileReference; lastKnownFileType = "wrapper.plug-in"; path = HMImagePicker.bundle; sourceTree = "<group>"; };
		1F8E960D1EE79EFE0050C471 /* HMImagePickerController.h */ = {isa = PBXFileReference; fileEncoding = 4; lastKnownFileType = sourcecode.c.h; path = HMImagePickerController.h; sourceTree = "<group>"; };
		1F8E960E1EE79EFE0050C471 /* HMImagePickerController.m */ = {isa = PBXFileReference; fileEncoding = 4; lastKnownFileType = sourcecode.c.objc; path = HMImagePickerController.m; sourceTree = "<group>"; };
		1F8E960F1EE79EFE0050C471 /* HMImagePickerGlobal.h */ = {isa = PBXFileReference; fileEncoding = 4; lastKnownFileType = sourcecode.c.h; path = HMImagePickerGlobal.h; sourceTree = "<group>"; };
		1F8E96101EE79EFE0050C471 /* HMImageSelectButton.h */ = {isa = PBXFileReference; fileEncoding = 4; lastKnownFileType = sourcecode.c.h; path = HMImageSelectButton.h; sourceTree = "<group>"; };
		1F8E96111EE79EFE0050C471 /* HMImageSelectButton.m */ = {isa = PBXFileReference; fileEncoding = 4; lastKnownFileType = sourcecode.c.objc; path = HMImageSelectButton.m; sourceTree = "<group>"; };
		1F8E96121EE79EFE0050C471 /* HMPreviewViewController.h */ = {isa = PBXFileReference; fileEncoding = 4; lastKnownFileType = sourcecode.c.h; path = HMPreviewViewController.h; sourceTree = "<group>"; };
		1F8E96131EE79EFE0050C471 /* HMPreviewViewController.m */ = {isa = PBXFileReference; fileEncoding = 4; lastKnownFileType = sourcecode.c.objc; path = HMPreviewViewController.m; sourceTree = "<group>"; };
		1F8E96141EE79EFE0050C471 /* HMSelectCounterButton.h */ = {isa = PBXFileReference; fileEncoding = 4; lastKnownFileType = sourcecode.c.h; path = HMSelectCounterButton.h; sourceTree = "<group>"; };
		1F8E96151EE79EFE0050C471 /* HMSelectCounterButton.m */ = {isa = PBXFileReference; fileEncoding = 4; lastKnownFileType = sourcecode.c.objc; path = HMSelectCounterButton.m; sourceTree = "<group>"; };
		1F8E96161EE79EFE0050C471 /* HMViewerViewController.h */ = {isa = PBXFileReference; fileEncoding = 4; lastKnownFileType = sourcecode.c.h; path = HMViewerViewController.h; sourceTree = "<group>"; };
		1F8E96171EE79EFE0050C471 /* HMViewerViewController.m */ = {isa = PBXFileReference; fileEncoding = 4; lastKnownFileType = sourcecode.c.objc; path = HMViewerViewController.m; sourceTree = "<group>"; };
		1F8E96241EE8EFC10050C471 /* BaseDataInfo.m */ = {isa = PBXFileReference; fileEncoding = 4; lastKnownFileType = sourcecode.c.objc; path = BaseDataInfo.m; sourceTree = "<group>"; };
		1F8E96251EE8EFC10050C471 /* BaseDataInfo.h */ = {isa = PBXFileReference; fileEncoding = 4; lastKnownFileType = sourcecode.c.h; path = BaseDataInfo.h; sourceTree = "<group>"; };
		1FC127D11EC15B9C005CDEE6 /* LFCalendar.app */ = {isa = PBXFileReference; explicitFileType = wrapper.application; includeInIndex = 0; path = LFCalendar.app; sourceTree = BUILT_PRODUCTS_DIR; };
		1FC127D51EC15B9C005CDEE6 /* main.m */ = {isa = PBXFileReference; lastKnownFileType = sourcecode.c.objc; path = main.m; sourceTree = "<group>"; };
		1FC127D71EC15B9C005CDEE6 /* AppDelegate.h */ = {isa = PBXFileReference; lastKnownFileType = sourcecode.c.h; path = AppDelegate.h; sourceTree = "<group>"; };
		1FC127D81EC15B9C005CDEE6 /* AppDelegate.m */ = {isa = PBXFileReference; lastKnownFileType = sourcecode.c.objc; path = AppDelegate.m; sourceTree = "<group>"; };
		1FC127DA1EC15B9C005CDEE6 /* ViewController.h */ = {isa = PBXFileReference; lastKnownFileType = sourcecode.c.h; path = ViewController.h; sourceTree = "<group>"; };
		1FC127DB1EC15B9C005CDEE6 /* ViewController.m */ = {isa = PBXFileReference; lastKnownFileType = sourcecode.c.objc; path = ViewController.m; sourceTree = "<group>"; };
		1FC127DE1EC15B9C005CDEE6 /* Base */ = {isa = PBXFileReference; lastKnownFileType = file.storyboard; name = Base; path = Base.lproj/Main.storyboard; sourceTree = "<group>"; };
		1FC127E01EC15B9C005CDEE6 /* Assets.xcassets */ = {isa = PBXFileReference; lastKnownFileType = folder.assetcatalog; path = Assets.xcassets; sourceTree = "<group>"; };
		1FC127E31EC15B9C005CDEE6 /* Base */ = {isa = PBXFileReference; lastKnownFileType = file.storyboard; name = Base; path = Base.lproj/LaunchScreen.storyboard; sourceTree = "<group>"; };
		1FC127E51EC15B9C005CDEE6 /* Info.plist */ = {isa = PBXFileReference; lastKnownFileType = text.plist.xml; path = Info.plist; sourceTree = "<group>"; };
		1FC127EA1EC15B9C005CDEE6 /* LFCalendarTests.xctest */ = {isa = PBXFileReference; explicitFileType = wrapper.cfbundle; includeInIndex = 0; path = LFCalendarTests.xctest; sourceTree = BUILT_PRODUCTS_DIR; };
		1FC127EE1EC15B9C005CDEE6 /* LFCalendarTests.m */ = {isa = PBXFileReference; lastKnownFileType = sourcecode.c.objc; path = LFCalendarTests.m; sourceTree = "<group>"; };
		1FC127F01EC15B9C005CDEE6 /* Info.plist */ = {isa = PBXFileReference; lastKnownFileType = text.plist.xml; path = Info.plist; sourceTree = "<group>"; };
		1FC127F51EC15B9C005CDEE6 /* LFCalendarUITests.xctest */ = {isa = PBXFileReference; explicitFileType = wrapper.cfbundle; includeInIndex = 0; path = LFCalendarUITests.xctest; sourceTree = BUILT_PRODUCTS_DIR; };
		1FC127F91EC15B9C005CDEE6 /* LFCalendarUITests.m */ = {isa = PBXFileReference; lastKnownFileType = sourcecode.c.objc; path = LFCalendarUITests.m; sourceTree = "<group>"; };
		1FC127FB1EC15B9C005CDEE6 /* Info.plist */ = {isa = PBXFileReference; lastKnownFileType = text.plist.xml; path = Info.plist; sourceTree = "<group>"; };
/* End PBXFileReference section */

/* Begin PBXFrameworksBuildPhase section */
		1FC127CE1EC15B9C005CDEE6 /* Frameworks */ = {
			isa = PBXFrameworksBuildPhase;
			buildActionMask = 2147483647;
			files = (
			);
			runOnlyForDeploymentPostprocessing = 0;
		};
		1FC127E71EC15B9C005CDEE6 /* Frameworks */ = {
			isa = PBXFrameworksBuildPhase;
			buildActionMask = 2147483647;
			files = (
			);
			runOnlyForDeploymentPostprocessing = 0;
		};
		1FC127F21EC15B9C005CDEE6 /* Frameworks */ = {
			isa = PBXFrameworksBuildPhase;
			buildActionMask = 2147483647;
			files = (
			);
			runOnlyForDeploymentPostprocessing = 0;
		};
/* End PBXFrameworksBuildPhase section */

/* Begin PBXGroup section */
		1F8E954F1EE797560050C471 /* Category */ = {
			isa = PBXGroup;
			children = (
				1F8E95501EE797560050C471 /* ALAssetsLibrary+custom.h */,
				1F8E95511EE797560050C471 /* ALAssetsLibrary+custom.m */,
				1F8E95521EE797560050C471 /* DateUtil.h */,
				1F8E95531EE797560050C471 /* DateUtil.m */,
				1F8E95541EE797560050C471 /* Foundation+log.m */,
				1F8E95551EE797560050C471 /* MBProgressHUD.h */,
				1F8E95561EE797560050C471 /* MBProgressHUD.m */,
				1F8E95571EE797560050C471 /* NSObject+AutoEncodeDecode.h */,
				1F8E95581EE797560050C471 /* NSObject+AutoEncodeDecode.m */,
				1F8E95591EE797560050C471 /* NSString+Custom.h */,
				1F8E955A1EE797560050C471 /* NSString+Custom.m */,
				1F8E955D1EE797560050C471 /* NSString+Validator.h */,
				1F8E955E1EE797560050C471 /* NSString+Validator.m */,
				1F8E955F1EE797560050C471 /* UIActionSheet+Blocks.h */,
				1F8E95601EE797560050C471 /* UIActionSheet+Blocks.m */,
				1F8E95611EE797560050C471 /* UIApplication+Custom.h */,
				1F8E95621EE797560050C471 /* UIApplication+Custom.m */,
				1F8E95631EE797560050C471 /* UIButton+Custom.h */,
				1F8E95641EE797560050C471 /* UIButton+Custom.m */,
				1F8E95651EE797560050C471 /* UIColor+ColorChange.h */,
				1F8E95661EE797560050C471 /* UIColor+ColorChange.m */,
				1F8E95671EE797560050C471 /* UIColor+Create.h */,
				1F8E95681EE797560050C471 /* UIColor+Create.m */,
				1F8E956B1EE797560050C471 /* UIImagePickerController+Orientation.h */,
				1F8E956C1EE797560050C471 /* UIImagePickerController+Orientation.m */,
				1F8E956D1EE797560050C471 /* UILabel+Custom.h */,
				1F8E956E1EE797560050C471 /* UILabel+Custom.m */,
				1F8E956F1EE797560050C471 /* UITextView+FitSize.h */,
				1F8E95701EE797560050C471 /* UITextView+FitSize.m */,
				1F8E95711EE797560050C471 /* UIView+addBadge.h */,
				1F8E95721EE797560050C471 /* UIView+addBadge.m */,
				1F8E95731EE797560050C471 /* UIView+Custom.h */,
				1F8E95741EE797560050C471 /* UIView+Custom.m */,
				1F8E95751EE797560050C471 /* UIView+frame.h */,
				1F8E95761EE797560050C471 /* UIView+frame.m */,
				1F8E95771EE797560050C471 /* UIViewController+AlertView.h */,
				1F8E95781EE797560050C471 /* UIViewController+AlertView.m */,
			);
			path = Category;
			sourceTree = "<group>";
		};
		1F8E95FF1EE79EFE0050C471 /* HMImagePicker */ = {
			isa = PBXGroup;
			children = (
				1F8E96001EE79EFE0050C471 /* HMAlbum.h */,
				1F8E96011EE79EFE0050C471 /* HMAlbum.m */,
				1F8E96021EE79EFE0050C471 /* HMAlbumTableViewCell.h */,
				1F8E96031EE79EFE0050C471 /* HMAlbumTableViewCell.m */,
				1F8E96041EE79EFE0050C471 /* HMAlbumTableViewController.h */,
				1F8E96051EE79EFE0050C471 /* HMAlbumTableViewController.m */,
				1F8E96061EE79EFE0050C471 /* HMImageGridCell.h */,
				1F8E96071EE79EFE0050C471 /* HMImageGridCell.m */,
				1F8E96081EE79EFE0050C471 /* HMImageGridViewController.h */,
				1F8E96091EE79EFE0050C471 /* HMImageGridViewController.m */,
				1F8E960A1EE79EFE0050C471 /* HMImageGridViewLayout.h */,
				1F8E960B1EE79EFE0050C471 /* HMImageGridViewLayout.m */,
				1F8E960C1EE79EFE0050C471 /* HMImagePicker.bundle */,
				1F8E960D1EE79EFE0050C471 /* HMImagePickerController.h */,
				1F8E960E1EE79EFE0050C471 /* HMImagePickerController.m */,
				1F8E960F1EE79EFE0050C471 /* HMImagePickerGlobal.h */,
				1F8E96101EE79EFE0050C471 /* HMImageSelectButton.h */,
				1F8E96111EE79EFE0050C471 /* HMImageSelectButton.m */,
				1F8E96121EE79EFE0050C471 /* HMPreviewViewController.h */,
				1F8E96131EE79EFE0050C471 /* HMPreviewViewController.m */,
				1F8E96141EE79EFE0050C471 /* HMSelectCounterButton.h */,
				1F8E96151EE79EFE0050C471 /* HMSelectCounterButton.m */,
				1F8E96161EE79EFE0050C471 /* HMViewerViewController.h */,
				1F8E96171EE79EFE0050C471 /* HMViewerViewController.m */,
			);
			path = HMImagePicker;
			sourceTree = "<group>";
		};
		1FC127C81EC15B9C005CDEE6 = {
			isa = PBXGroup;
			children = (
				1FC127D31EC15B9C005CDEE6 /* LFCalendar */,
				1FC127ED1EC15B9C005CDEE6 /* LFCalendarTests */,
				1FC127F81EC15B9C005CDEE6 /* LFCalendarUITests */,
				1FC127D21EC15B9C005CDEE6 /* Products */,
			);
			sourceTree = "<group>";
		};
		1FC127D21EC15B9C005CDEE6 /* Products */ = {
			isa = PBXGroup;
			children = (
				1FC127D11EC15B9C005CDEE6 /* LFCalendar.app */,
				1FC127EA1EC15B9C005CDEE6 /* LFCalendarTests.xctest */,
				1FC127F51EC15B9C005CDEE6 /* LFCalendarUITests.xctest */,
			);
			name = Products;
			sourceTree = "<group>";
		};
		1FC127D31EC15B9C005CDEE6 /* LFCalendar */ = {
			isa = PBXGroup;
			children = (
				1F8E95FF1EE79EFE0050C471 /* HMImagePicker */,
				1F8E954F1EE797560050C471 /* Category */,
				1FC127D71EC15B9C005CDEE6 /* AppDelegate.h */,
				1FC127D81EC15B9C005CDEE6 /* AppDelegate.m */,
				1F1D78C81EF11DCB0060BBC7 /* TestVc.swift */,
				1F8E96251EE8EFC10050C471 /* BaseDataInfo.h */,
				1F8E96241EE8EFC10050C471 /* BaseDataInfo.m */,
				1FC127DA1EC15B9C005CDEE6 /* ViewController.h */,
				1FC127DB1EC15B9C005CDEE6 /* ViewController.m */,
				1F1737D51EE5544E0021863D /* EditViewController.h */,
				1F1737D61EE5544E0021863D /* EditViewController.m */,
				1FC127DD1EC15B9C005CDEE6 /* Main.storyboard */,
				1FC127E01EC15B9C005CDEE6 /* Assets.xcassets */,
				1FC127E21EC15B9C005CDEE6 /* LaunchScreen.storyboard */,
				1FC127E51EC15B9C005CDEE6 /* Info.plist */,
				1FC127D41EC15B9C005CDEE6 /* Supporting Files */,
				1F1D78C71EF11DCB0060BBC7 /* LFCalendar-Bridging-Header.h */,
			);
			path = LFCalendar;
			sourceTree = "<group>";
		};
		1FC127D41EC15B9C005CDEE6 /* Supporting Files */ = {
			isa = PBXGroup;
			children = (
				1FC127D51EC15B9C005CDEE6 /* main.m */,
				1F1737D31EE552D70021863D /* PrefixHeader.pch */,
				1F1737D41EE5535B0021863D /* AppMacro.h */,
			);
			name = "Supporting Files";
			sourceTree = "<group>";
		};
		1FC127ED1EC15B9C005CDEE6 /* LFCalendarTests */ = {
			isa = PBXGroup;
			children = (
				1FC127EE1EC15B9C005CDEE6 /* LFCalendarTests.m */,
				1FC127F01EC15B9C005CDEE6 /* Info.plist */,
			);
			path = LFCalendarTests;
			sourceTree = "<group>";
		};
		1FC127F81EC15B9C005CDEE6 /* LFCalendarUITests */ = {
			isa = PBXGroup;
			children = (
				1FC127F91EC15B9C005CDEE6 /* LFCalendarUITests.m */,
				1FC127FB1EC15B9C005CDEE6 /* Info.plist */,
			);
			path = LFCalendarUITests;
			sourceTree = "<group>";
		};
/* End PBXGroup section */

/* Begin PBXNativeTarget section */
		1FC127D01EC15B9C005CDEE6 /* LFCalendar */ = {
			isa = PBXNativeTarget;
			buildConfigurationList = 1FC127FE1EC15B9C005CDEE6 /* Build configuration list for PBXNativeTarget "LFCalendar" */;
			buildPhases = (
				1FC127CD1EC15B9C005CDEE6 /* Sources */,
				1FC127CE1EC15B9C005CDEE6 /* Frameworks */,
				1FC127CF1EC15B9C005CDEE6 /* Resources */,
			);
			buildRules = (
			);
			dependencies = (
			);
			name = LFCalendar;
			productName = LFCalendar;
			productReference = 1FC127D11EC15B9C005CDEE6 /* LFCalendar.app */;
			productType = "com.apple.product-type.application";
		};
		1FC127E91EC15B9C005CDEE6 /* LFCalendarTests */ = {
			isa = PBXNativeTarget;
			buildConfigurationList = 1FC128011EC15B9C005CDEE6 /* Build configuration list for PBXNativeTarget "LFCalendarTests" */;
			buildPhases = (
				1FC127E61EC15B9C005CDEE6 /* Sources */,
				1FC127E71EC15B9C005CDEE6 /* Frameworks */,
				1FC127E81EC15B9C005CDEE6 /* Resources */,
			);
			buildRules = (
			);
			dependencies = (
				1FC127EC1EC15B9C005CDEE6 /* PBXTargetDependency */,
			);
			name = LFCalendarTests;
			productName = LFCalendarTests;
			productReference = 1FC127EA1EC15B9C005CDEE6 /* LFCalendarTests.xctest */;
			productType = "com.apple.product-type.bundle.unit-test";
		};
		1FC127F41EC15B9C005CDEE6 /* LFCalendarUITests */ = {
			isa = PBXNativeTarget;
			buildConfigurationList = 1FC128041EC15B9C005CDEE6 /* Build configuration list for PBXNativeTarget "LFCalendarUITests" */;
			buildPhases = (
				1FC127F11EC15B9C005CDEE6 /* Sources */,
				1FC127F21EC15B9C005CDEE6 /* Frameworks */,
				1FC127F31EC15B9C005CDEE6 /* Resources */,
			);
			buildRules = (
			);
			dependencies = (
				1FC127F71EC15B9C005CDEE6 /* PBXTargetDependency */,
			);
			name = LFCalendarUITests;
			productName = LFCalendarUITests;
			productReference = 1FC127F51EC15B9C005CDEE6 /* LFCalendarUITests.xctest */;
			productType = "com.apple.product-type.bundle.ui-testing";
		};
/* End PBXNativeTarget section */

/* Begin PBXProject section */
		1FC127C91EC15B9C005CDEE6 /* Project object */ = {
			isa = PBXProject;
			attributes = {
				LastUpgradeCheck = 0830;
				ORGANIZATIONNAME = "路飞";
				TargetAttributes = {
					1FC127D01EC15B9C005CDEE6 = {
						CreatedOnToolsVersion = 8.3.2;
						DevelopmentTeam = 2Y8FL748PL;
						LastSwiftMigration = 0830;
						ProvisioningStyle = Automatic;
					};
					1FC127E91EC15B9C005CDEE6 = {
						CreatedOnToolsVersion = 8.3.2;
						DevelopmentTeam = 2Y8FL748PL;
						ProvisioningStyle = Automatic;
						TestTargetID = 1FC127D01EC15B9C005CDEE6;
					};
					1FC127F41EC15B9C005CDEE6 = {
						CreatedOnToolsVersion = 8.3.2;
						DevelopmentTeam = 2Y8FL748PL;
						ProvisioningStyle = Automatic;
						TestTargetID = 1FC127D01EC15B9C005CDEE6;
					};
				};
			};
			buildConfigurationList = 1FC127CC1EC15B9C005CDEE6 /* Build configuration list for PBXProject "LFCalendar" */;
			compatibilityVersion = "Xcode 3.2";
			developmentRegion = English;
			hasScannedForEncodings = 0;
			knownRegions = (
				en,
				Base,
			);
			mainGroup = 1FC127C81EC15B9C005CDEE6;
			productRefGroup = 1FC127D21EC15B9C005CDEE6 /* Products */;
			projectDirPath = "";
			projectRoot = "";
			targets = (
				1FC127D01EC15B9C005CDEE6 /* LFCalendar */,
				1FC127E91EC15B9C005CDEE6 /* LFCalendarTests */,
				1FC127F41EC15B9C005CDEE6 /* LFCalendarUITests */,
			);
		};
/* End PBXProject section */

/* Begin PBXResourcesBuildPhase section */
		1FC127CF1EC15B9C005CDEE6 /* Resources */ = {
			isa = PBXResourcesBuildPhase;
			buildActionMask = 2147483647;
			files = (
				1FC127E41EC15B9C005CDEE6 /* LaunchScreen.storyboard in Resources */,
				1FC127E11EC15B9C005CDEE6 /* Assets.xcassets in Resources */,
				1F8E961E1EE79EFE0050C471 /* HMImagePicker.bundle in Resources */,
				1FC127DF1EC15B9C005CDEE6 /* Main.storyboard in Resources */,
			);
			runOnlyForDeploymentPostprocessing = 0;
		};
		1FC127E81EC15B9C005CDEE6 /* Resources */ = {
			isa = PBXResourcesBuildPhase;
			buildActionMask = 2147483647;
			files = (
			);
			runOnlyForDeploymentPostprocessing = 0;
		};
		1FC127F31EC15B9C005CDEE6 /* Resources */ = {
			isa = PBXResourcesBuildPhase;
			buildActionMask = 2147483647;
			files = (
			);
			runOnlyForDeploymentPostprocessing = 0;
		};
/* End PBXResourcesBuildPhase section */

/* Begin PBXSourcesBuildPhase section */
		1FC127CD1EC15B9C005CDEE6 /* Sources */ = {
			isa = PBXSourcesBuildPhase;
			buildActionMask = 2147483647;
			files = (
				1F8E958C1EE797560050C471 /* UIView+frame.m in Sources */,
				1F8E95791EE797560050C471 /* ALAssetsLibrary+custom.m in Sources */,
				1F8E961B1EE79EFE0050C471 /* HMImageGridCell.m in Sources */,
				1F8E95821EE797560050C471 /* UIApplication+Custom.m in Sources */,
				1F8E95891EE797560050C471 /* UITextView+FitSize.m in Sources */,
				1F1737D71EE5544E0021863D /* EditViewController.m in Sources */,
				1F8E958A1EE797560050C471 /* UIView+addBadge.m in Sources */,
				1F8E961D1EE79EFE0050C471 /* HMImageGridViewLayout.m in Sources */,
				1F8E957E1EE797560050C471 /* NSString+Custom.m in Sources */,
				1F8E95811EE797560050C471 /* UIActionSheet+Blocks.m in Sources */,
				1F8E96211EE79EFE0050C471 /* HMPreviewViewController.m in Sources */,
				1F8E96231EE79EFE0050C471 /* HMViewerViewController.m in Sources */,
				1F8E96191EE79EFE0050C471 /* HMAlbumTableViewCell.m in Sources */,
				1FC127DC1EC15B9C005CDEE6 /* ViewController.m in Sources */,
				1F8E961C1EE79EFE0050C471 /* HMImageGridViewController.m in Sources */,
				1F8E957A1EE797560050C471 /* DateUtil.m in Sources */,
				1F1D78C91EF11DCB0060BBC7 /* TestVc.swift in Sources */,
				1F8E958D1EE797560050C471 /* UIViewController+AlertView.m in Sources */,
				1F8E95831EE797560050C471 /* UIButton+Custom.m in Sources */,
				1FC127D91EC15B9C005CDEE6 /* AppDelegate.m in Sources */,
				1F8E957D1EE797560050C471 /* NSObject+AutoEncodeDecode.m in Sources */,
				1F8E95801EE797560050C471 /* NSString+Validator.m in Sources */,
				1F8E961A1EE79EFE0050C471 /* HMAlbumTableViewController.m in Sources */,
				1F8E957B1EE797560050C471 /* Foundation+log.m in Sources */,
				1F8E95841EE797560050C471 /* UIColor+ColorChange.m in Sources */,
				1F8E95881EE797560050C471 /* UILabel+Custom.m in Sources */,
				1F8E96181EE79EFE0050C471 /* HMAlbum.m in Sources */,
				1F8E961F1EE79EFE0050C471 /* HMImagePickerController.m in Sources */,
				1F8E95851EE797560050C471 /* UIColor+Create.m in Sources */,
				1F8E96261EE8EFC10050C471 /* BaseDataInfo.m in Sources */,
				1F8E96221EE79EFE0050C471 /* HMSelectCounterButton.m in Sources */,
				1FC127D61EC15B9C005CDEE6 /* main.m in Sources */,
				1F8E957C1EE797560050C471 /* MBProgressHUD.m in Sources */,
				1F8E958B1EE797560050C471 /* UIView+Custom.m in Sources */,
				1F8E96201EE79EFE0050C471 /* HMImageSelectButton.m in Sources */,
				1F8E95871EE797560050C471 /* UIImagePickerController+Orientation.m in Sources */,
			);
			runOnlyForDeploymentPostprocessing = 0;
		};
		1FC127E61EC15B9C005CDEE6 /* Sources */ = {
			isa = PBXSourcesBuildPhase;
			buildActionMask = 2147483647;
			files = (
				1FC127EF1EC15B9C005CDEE6 /* LFCalendarTests.m in Sources */,
			);
			runOnlyForDeploymentPostprocessing = 0;
		};
		1FC127F11EC15B9C005CDEE6 /* Sources */ = {
			isa = PBXSourcesBuildPhase;
			buildActionMask = 2147483647;
			files = (
				1FC127FA1EC15B9C005CDEE6 /* LFCalendarUITests.m in Sources */,
			);
			runOnlyForDeploymentPostprocessing = 0;
		};
/* End PBXSourcesBuildPhase section */

/* Begin PBXTargetDependency section */
		1FC127EC1EC15B9C005CDEE6 /* PBXTargetDependency */ = {
			isa = PBXTargetDependency;
			target = 1FC127D01EC15B9C005CDEE6 /* LFCalendar */;
			targetProxy = 1FC127EB1EC15B9C005CDEE6 /* PBXContainerItemProxy */;
		};
		1FC127F71EC15B9C005CDEE6 /* PBXTargetDependency */ = {
			isa = PBXTargetDependency;
			target = 1FC127D01EC15B9C005CDEE6 /* LFCalendar */;
			targetProxy = 1FC127F61EC15B9C005CDEE6 /* PBXContainerItemProxy */;
		};
/* End PBXTargetDependency section */

/* Begin PBXVariantGroup section */
		1FC127DD1EC15B9C005CDEE6 /* Main.storyboard */ = {
			isa = PBXVariantGroup;
			children = (
				1FC127DE1EC15B9C005CDEE6 /* Base */,
			);
			name = Main.storyboard;
			sourceTree = "<group>";
		};
		1FC127E21EC15B9C005CDEE6 /* LaunchScreen.storyboard */ = {
			isa = PBXVariantGroup;
			children = (
				1FC127E31EC15B9C005CDEE6 /* Base */,
			);
			name = LaunchScreen.storyboard;
			sourceTree = "<group>";
		};
/* End PBXVariantGroup section */

/* Begin XCBuildConfiguration section */
		1FC127FC1EC15B9C005CDEE6 /* Debug */ = {
			isa = XCBuildConfiguration;
			buildSettings = {
				ALWAYS_SEARCH_USER_PATHS = NO;
				CLANG_ANALYZER_NONNULL = YES;
				CLANG_ANALYZER_NUMBER_OBJECT_CONVERSION = YES_AGGRESSIVE;
				CLANG_CXX_LANGUAGE_STANDARD = "gnu++0x";
				CLANG_CXX_LIBRARY = "libc++";
				CLANG_ENABLE_MODULES = YES;
				CLANG_ENABLE_OBJC_ARC = YES;
				CLANG_WARN_BOOL_CONVERSION = YES;
				CLANG_WARN_CONSTANT_CONVERSION = YES;
				CLANG_WARN_DIRECT_OBJC_ISA_USAGE = YES_ERROR;
				CLANG_WARN_DOCUMENTATION_COMMENTS = YES;
				CLANG_WARN_EMPTY_BODY = YES;
				CLANG_WARN_ENUM_CONVERSION = YES;
				CLANG_WARN_INFINITE_RECURSION = YES;
				CLANG_WARN_INT_CONVERSION = YES;
				CLANG_WARN_OBJC_ROOT_CLASS = YES_ERROR;
				CLANG_WARN_SUSPICIOUS_MOVE = YES;
				CLANG_WARN_UNREACHABLE_CODE = YES;
				CLANG_WARN__DUPLICATE_METHOD_MATCH = YES;
				"CODE_SIGN_IDENTITY[sdk=iphoneos*]" = "iPhone Developer";
				COPY_PHASE_STRIP = NO;
				DEBUG_INFORMATION_FORMAT = dwarf;
				ENABLE_STRICT_OBJC_MSGSEND = YES;
				ENABLE_TESTABILITY = YES;
				GCC_C_LANGUAGE_STANDARD = gnu99;
				GCC_DYNAMIC_NO_PIC = NO;
				GCC_NO_COMMON_BLOCKS = YES;
				GCC_OPTIMIZATION_LEVEL = 0;
				GCC_PREPROCESSOR_DEFINITIONS = (
					"DEBUG=1",
					"$(inherited)",
				);
				GCC_WARN_64_TO_32_BIT_CONVERSION = YES;
				GCC_WARN_ABOUT_RETURN_TYPE = YES_ERROR;
				GCC_WARN_UNDECLARED_SELECTOR = YES;
				GCC_WARN_UNINITIALIZED_AUTOS = YES_AGGRESSIVE;
				GCC_WARN_UNUSED_FUNCTION = YES;
				GCC_WARN_UNUSED_VARIABLE = YES;
				IPHONEOS_DEPLOYMENT_TARGET = 10.3;
				MTL_ENABLE_DEBUG_INFO = YES;
				ONLY_ACTIVE_ARCH = YES;
				SDKROOT = iphoneos;
				TARGETED_DEVICE_FAMILY = "1,2";
			};
			name = Debug;
		};
		1FC127FD1EC15B9C005CDEE6 /* Release */ = {
			isa = XCBuildConfiguration;
			buildSettings = {
				ALWAYS_SEARCH_USER_PATHS = NO;
				CLANG_ANALYZER_NONNULL = YES;
				CLANG_ANALYZER_NUMBER_OBJECT_CONVERSION = YES_AGGRESSIVE;
				CLANG_CXX_LANGUAGE_STANDARD = "gnu++0x";
				CLANG_CXX_LIBRARY = "libc++";
				CLANG_ENABLE_MODULES = YES;
				CLANG_ENABLE_OBJC_ARC = YES;
				CLANG_WARN_BOOL_CONVERSION = YES;
				CLANG_WARN_CONSTANT_CONVERSION = YES;
				CLANG_WARN_DIRECT_OBJC_ISA_USAGE = YES_ERROR;
				CLANG_WARN_DOCUMENTATION_COMMENTS = YES;
				CLANG_WARN_EMPTY_BODY = YES;
				CLANG_WARN_ENUM_CONVERSION = YES;
				CLANG_WARN_INFINITE_RECURSION = YES;
				CLANG_WARN_INT_CONVERSION = YES;
				CLANG_WARN_OBJC_ROOT_CLASS = YES_ERROR;
				CLANG_WARN_SUSPICIOUS_MOVE = YES;
				CLANG_WARN_UNREACHABLE_CODE = YES;
				CLANG_WARN__DUPLICATE_METHOD_MATCH = YES;
				"CODE_SIGN_IDENTITY[sdk=iphoneos*]" = "iPhone Developer";
				COPY_PHASE_STRIP = NO;
				DEBUG_INFORMATION_FORMAT = "dwarf-with-dsym";
				ENABLE_NS_ASSERTIONS = NO;
				ENABLE_STRICT_OBJC_MSGSEND = YES;
				GCC_C_LANGUAGE_STANDARD = gnu99;
				GCC_NO_COMMON_BLOCKS = YES;
				GCC_WARN_64_TO_32_BIT_CONVERSION = YES;
				GCC_WARN_ABOUT_RETURN_TYPE = YES_ERROR;
				GCC_WARN_UNDECLARED_SELECTOR = YES;
				GCC_WARN_UNINITIALIZED_AUTOS = YES_AGGRESSIVE;
				GCC_WARN_UNUSED_FUNCTION = YES;
				GCC_WARN_UNUSED_VARIABLE = YES;
				IPHONEOS_DEPLOYMENT_TARGET = 10.3;
				MTL_ENABLE_DEBUG_INFO = NO;
				SDKROOT = iphoneos;
				TARGETED_DEVICE_FAMILY = "1,2";
				VALIDATE_PRODUCT = YES;
			};
			name = Release;
		};
		1FC127FF1EC15B9C005CDEE6 /* Debug */ = {
			isa = XCBuildConfiguration;
			buildSettings = {
				ASSETCATALOG_COMPILER_APPICON_NAME = AppIcon;
				CLANG_ENABLE_MODULES = YES;
				DEFINES_MODULE = YES;
				DEVELOPMENT_TEAM = 2Y8FL748PL;
				GCC_PREFIX_HEADER = LFCalendar/PrefixHeader.pch;
				INFOPLIST_FILE = LFCalendar/Info.plist;
				LD_RUNPATH_SEARCH_PATHS = "$(inherited) @executable_path/Frameworks";
				PRODUCT_BUNDLE_IDENTIFIER = lufei.LFCalendar;
				PRODUCT_NAME = "$(TARGET_NAME)";
				SWIFT_OBJC_BRIDGING_HEADER = "LFCalendar/LFCalendar-Bridging-Header.h";
				SWIFT_OPTIMIZATION_LEVEL = "-Onone";
				SWIFT_VERSION = 3.0;
			};
			name = Debug;
		};
		1FC128001EC15B9C005CDEE6 /* Release */ = {
			isa = XCBuildConfiguration;
			buildSettings = {
				ASSETCATALOG_COMPILER_APPICON_NAME = AppIcon;
				CLANG_ENABLE_MODULES = YES;
				DEFINES_MODULE = YES;
				DEVELOPMENT_TEAM = 2Y8FL748PL;
				GCC_PREFIX_HEADER = LFCalendar/PrefixHeader.pch;
				INFOPLIST_FILE = LFCalendar/Info.plist;
				LD_RUNPATH_SEARCH_PATHS = "$(inherited) @executable_path/Frameworks";
				PRODUCT_BUNDLE_IDENTIFIER = lufei.LFCalendar;
				PRODUCT_NAME = "$(TARGET_NAME)";
				SWIFT_OBJC_BRIDGING_HEADER = "LFCalendar/LFCalendar-Bridging-Header.h";
				SWIFT_VERSION = 3.0;
			};
			name = Release;
		};
		1FC128021EC15B9C005CDEE6 /* Debug */ = {
			isa = XCBuildConfiguration;
			buildSettings = {
				ALWAYS_EMBED_SWIFT_STANDARD_LIBRARIES = YES;
				BUNDLE_LOADER = "$(TEST_HOST)";
				DEVELOPMENT_TEAM = 2Y8FL748PL;
				INFOPLIST_FILE = LFCalendarTests/Info.plist;
				LD_RUNPATH_SEARCH_PATHS = "$(inherited) @executable_path/Frameworks @loader_path/Frameworks";
				PRODUCT_BUNDLE_IDENTIFIER = lufei.LFCalendarTests;
				PRODUCT_NAME = "$(TARGET_NAME)";
				TEST_HOST = "$(BUILT_PRODUCTS_DIR)/LFCalendar.app/LFCalendar";
			};
			name = Debug;
		};
		1FC128031EC15B9C005CDEE6 /* Release */ = {
			isa = XCBuildConfiguration;
			buildSettings = {
				ALWAYS_EMBED_SWIFT_STANDARD_LIBRARIES = YES;
				BUNDLE_LOADER = "$(TEST_HOST)";
				DEVELOPMENT_TEAM = 2Y8FL748PL;
				INFOPLIST_FILE = LFCalendarTests/Info.plist;
				LD_RUNPATH_SEARCH_PATHS = "$(inherited) @executable_path/Frameworks @loader_path/Frameworks";
				PRODUCT_BUNDLE_IDENTIFIER = lufei.LFCalendarTests;
				PRODUCT_NAME = "$(TARGET_NAME)";
				TEST_HOST = "$(BUILT_PRODUCTS_DIR)/LFCalendar.app/LFCalendar";
			};
			name = Release;
		};
		1FC128051EC15B9C005CDEE6 /* Debug */ = {
			isa = XCBuildConfiguration;
			buildSettings = {
				ALWAYS_EMBED_SWIFT_STANDARD_LIBRARIES = YES;
				DEVELOPMENT_TEAM = 2Y8FL748PL;
				INFOPLIST_FILE = LFCalendarUITests/Info.plist;
				LD_RUNPATH_SEARCH_PATHS = "$(inherited) @executable_path/Frameworks @loader_path/Frameworks";
				PRODUCT_BUNDLE_IDENTIFIER = lufei.LFCalendarUITests;
				PRODUCT_NAME = "$(TARGET_NAME)";
				TEST_TARGET_NAME = LFCalendar;
			};
			name = Debug;
		};
		1FC128061EC15B9C005CDEE6 /* Release */ = {
			isa = XCBuildConfiguration;
			buildSettings = {
				ALWAYS_EMBED_SWIFT_STANDARD_LIBRARIES = YES;
				DEVELOPMENT_TEAM = 2Y8FL748PL;
				INFOPLIST_FILE = LFCalendarUITests/Info.plist;
				LD_RUNPATH_SEARCH_PATHS = "$(inherited) @executable_path/Frameworks @loader_path/Frameworks";
				PRODUCT_BUNDLE_IDENTIFIER = lufei.LFCalendarUITests;
				PRODUCT_NAME = "$(TARGET_NAME)";
				TEST_TARGET_NAME = LFCalendar;
			};
			name = Release;
		};
/* End XCBuildConfiguration section */

/* Begin XCConfigurationList section */
		1FC127CC1EC15B9C005CDEE6 /* Build configuration list for PBXProject "LFCalendar" */ = {
			isa = XCConfigurationList;
			buildConfigurations = (
				1FC127FC1EC15B9C005CDEE6 /* Debug */,
				1FC127FD1EC15B9C005CDEE6 /* Release */,
			);
			defaultConfigurationIsVisible = 0;
			defaultConfigurationName = Release;
		};
		1FC127FE1EC15B9C005CDEE6 /* Build configuration list for PBXNativeTarget "LFCalendar" */ = {
			isa = XCConfigurationList;
			buildConfigurations = (
				1FC127FF1EC15B9C005CDEE6 /* Debug */,
				1FC128001EC15B9C005CDEE6 /* Release */,
			);
			defaultConfigurationIsVisible = 0;
			defaultConfigurationName = Release;
		};
		1FC128011EC15B9C005CDEE6 /* Build configuration list for PBXNativeTarget "LFCalendarTests" */ = {
			isa = XCConfigurationList;
			buildConfigurations = (
				1FC128021EC15B9C005CDEE6 /* Debug */,
				1FC128031EC15B9C005CDEE6 /* Release */,
			);
			defaultConfigurationIsVisible = 0;
			defaultConfigurationName = Release;
		};
		1FC128041EC15B9C005CDEE6 /* Build configuration list for PBXNativeTarget "LFCalendarUITests" */ = {
			isa = XCConfigurationList;
			buildConfigurations = (
				1FC128051EC15B9C005CDEE6 /* Debug */,
				1FC128061EC15B9C005CDEE6 /* Release */,
			);
			defaultConfigurationIsVisible = 0;
			defaultConfigurationName = Release;
		};
/* End XCConfigurationList section */
	};
	rootObject = 1FC127C91EC15B9C005CDEE6 /* Project object */;
}
